
Microsoft Visual Studio Solution File, Format Version 12.00
# Visual Studio 15
VisualStudioVersion = 15.0.27428.2037
MinimumVisualStudioVersion = 10.0.40219.1
Project("{FAE04EC0-301F-11D3-BF4B-00C04F79EFBC}") = "VideoTrimmer.Droid", "VideoTrimmer.Droid\VideoTrimmer.Droid.csproj", "{B8DA7886-8431-4E8B-BA75-C9095B0BBCB7}"
EndProject
Global
	GlobalSection(SolutionConfigurationPlatforms) = preSolution
		Debug|Any CPU = Debug|Any CPU
		Release|Any CPU = Release|Any CPU
	EndGlobalSection
	GlobalSection(ProjectConfigurationPlatforms) = postSolution
		{B8DA7886-8431-4E8B-BA75-C9095B0BBCB7}.Debug|Any CPU.ActiveCfg = Debug|Any CPU
		{B8DA7886-8431-4E8B-BA75-C9095B0BBCB7}.Debug|Any CPU.Build.0 = Debug|Any CPU
		{B8DA7886-8431-4E8B-BA75-C9095B0BBCB7}.Debug|Any CPU.Deploy.0 = Debug|Any CPU
		{B8DA7886-8431-4E8B-BA75-C9095B0BBCB7}.Release|Any CPU.ActiveCfg = Release|Any CPU
		{B8DA7886-8431-4E8B-BA75-C9095B0BBCB7}.Release|Any CPU.Build.0 = Release|Any CPU
		{B8DA7886-8431-4E8B-BA75-C9095B0BBCB7}.Release|Any CPU.Deploy.0 = Release|Any CPU
	EndGlobalSection
	GlobalSection(SolutionProperties) = preSolution
		HideSolutionNode = FALSE
	EndGlobalSection
	GlobalSection(ExtensibilityGlobals) = postSolution
		SolutionGuid = {69D9CFD8-4770-47B3-9FFC-E015662EF09F}
	EndGlobalSection
EndGlobal
